PODS:
  - AppCenter/Analytics (5.0.5):
    - AppCenter/Core
  - AppCenter/Core (5.0.5)
  - AppCenter/Crashes (5.0.5):
    - AppCenter/Core

DEPENDENCIES:
  - AppCenter/Analytics
  - AppCenter/Crashes

SPEC REPOS:
  trunk:
    - AppCenter

SPEC CHECKSUMS:
  AppCenter: 994875ea7941b9e168babb98299f900a94bcef13

PODFILE CHECKSUM: a1bdf33ac2a92873d63513fe8bcb75fd1816e81b

COCOAPODS: 1.16.2
