// !$*UTF8*$!
{
	archiveVersion = 1;
	classes = {
	};
	objectVersion = 56;
	objects = {

/* Begin PBXBuildFile section */
		1FAB118ACE857DEA7A3D2B7D /* Pods_RetirementPlanTests.framework in Frameworks */ = {isa = PBXBuildFile; fileRef = 2E5E0D17E58957F87E937CED /* Pods_RetirementPlanTests.framework */; };
		30B126D52CDC5D08008961B5 /* AppDelegate.swift in Sources */ = {isa = PBXBuildFile; fileRef = 30B126D42CDC5D08008961B5 /* AppDelegate.swift */; };
		30B126D72CDC5D08008961B5 /* SceneDelegate.swift in Sources */ = {isa = PBXBuildFile; fileRef = 30B126D62CDC5D08008961B5 /* SceneDelegate.swift */; };
		30B126D92CDC5D08008961B5 /* ViewController.swift in Sources */ = {isa = PBXBuildFile; fileRef = 30B126D82CDC5D08008961B5 /* ViewController.swift */; };
		30B126DC2CDC5D08008961B5 /* Main.storyboard in Resources */ = {isa = PBXBuildFile; fileRef = 30B126DA2CDC5D08008961B5 /* Main.storyboard */; };
		30B126DF2CDC5D08008961B5 /* RetirementPlan.xcdatamodeld in Sources */ = {isa = PBXBuildFile; fileRef = 30B126DD2CDC5D08008961B5 /* RetirementPlan.xcdatamodeld */; };
		30B126E12CDC5D09008961B5 /* Assets.xcassets in Resources */ = {isa = PBXBuildFile; fileRef = 30B126E02CDC5D09008961B5 /* Assets.xcassets */; };
		30B126E42CDC5D09008961B5 /* LaunchScreen.storyboard in Resources */ = {isa = PBXBuildFile; fileRef = 30B126E22CDC5D09008961B5 /* LaunchScreen.storyboard */; };
		30B126EF2CDC5D0A008961B5 /* RetirementPlanTests.swift in Sources */ = {isa = PBXBuildFile; fileRef = 30B126EE2CDC5D0A008961B5 /* RetirementPlanTests.swift */; };
		30B126F92CDC5D0A008961B5 /* RetirementPlanUITests.swift in Sources */ = {isa = PBXBuildFile; fileRef = 30B126F82CDC5D0A008961B5 /* RetirementPlanUITests.swift */; };
		30B126FB2CDC5D0A008961B5 /* RetirementPlanUITestsLaunchTests.swift in Sources */ = {isa = PBXBuildFile; fileRef = 30B126FA2CDC5D0A008961B5 /* RetirementPlanUITestsLaunchTests.swift */; };
		5B860E724A8909A55928EF08 /* Pods_RetirementPlan_RetirementPlanUITests.framework in Frameworks */ = {isa = PBXBuildFile; fileRef = D31FFA128FE7056A120E8DCE /* Pods_RetirementPlan_RetirementPlanUITests.framework */; };
		C344A3D4463DD46DBA7E556E /* Pods_RetirementPlan.framework in Frameworks */ = {isa = PBXBuildFile; fileRef = D8DAF4CAA03FC3F742A800B9 /* Pods_RetirementPlan.framework */; };
/* End PBXBuildFile section */

/* Begin PBXContainerItemProxy section */
		30B126EB2CDC5D0A008961B5 /* PBXContainerItemProxy */ = {
			isa = PBXContainerItemProxy;
			containerPortal = 30B126C92CDC5D08008961B5 /* Project object */;
			proxyType = 1;
			remoteGlobalIDString = 30B126D02CDC5D08008961B5;
			remoteInfo = RetirementPlan;
		};
		30B126F52CDC5D0A008961B5 /* PBXContainerItemProxy */ = {
			isa = PBXContainerItemProxy;
			containerPortal = 30B126C92CDC5D08008961B5 /* Project object */;
			proxyType = 1;
			remoteGlobalIDString = 30B126D02CDC5D08008961B5;
			remoteInfo = RetirementPlan;
		};
/* End PBXContainerItemProxy section */

/* Begin PBXFileReference section */
		128F9D6DE1066EB061DD7CA6 /* Pods-RetirementPlan.debug.xcconfig */ = {isa = PBXFileReference; includeInIndex = 1; lastKnownFileType = text.xcconfig; name = "Pods-RetirementPlan.debug.xcconfig"; path = "Target Support Files/Pods-RetirementPlan/Pods-RetirementPlan.debug.xcconfig"; sourceTree = "<group>"; };
		157B73D71FABA30C4760418E /* Pods-RetirementPlanTests.debug.xcconfig */ = {isa = PBXFileReference; includeInIndex = 1; lastKnownFileType = text.xcconfig; name = "Pods-RetirementPlanTests.debug.xcconfig"; path = "Target Support Files/Pods-RetirementPlanTests/Pods-RetirementPlanTests.debug.xcconfig"; sourceTree = "<group>"; };
		1EA2E428A9E8D6D33F5632E4 /* Pods-RetirementPlan-RetirementPlanUITests.debug.xcconfig */ = {isa = PBXFileReference; includeInIndex = 1; lastKnownFileType = text.xcconfig; name = "Pods-RetirementPlan-RetirementPlanUITests.debug.xcconfig"; path = "Target Support Files/Pods-RetirementPlan-RetirementPlanUITests/Pods-RetirementPlan-RetirementPlanUITests.debug.xcconfig"; sourceTree = "<group>"; };
		2E5E0D17E58957F87E937CED /* Pods_RetirementPlanTests.framework */ = {isa = PBXFileReference; explicitFileType = wrapper.framework; includeInIndex = 0; path = Pods_RetirementPlanTests.framework; sourceTree = BUILT_PRODUCTS_DIR; };
		30B126D12CDC5D08008961B5 /* RetirementPlan.app */ = {isa = PBXFileReference; explicitFileType = wrapper.application; includeInIndex = 0; path = RetirementPlan.app; sourceTree = BUILT_PRODUCTS_DIR; };
		30B126D42CDC5D08008961B5 /* AppDelegate.swift */ = {isa = PBXFileReference; lastKnownFileType = sourcecode.swift; path = AppDelegate.swift; sourceTree = "<group>"; };
		30B126D62CDC5D08008961B5 /* SceneDelegate.swift */ = {isa = PBXFileReference; lastKnownFileType = sourcecode.swift; path = SceneDelegate.swift; sourceTree = "<group>"; };
		30B126D82CDC5D08008961B5 /* ViewController.swift */ = {isa = PBXFileReference; lastKnownFileType = sourcecode.swift; path = ViewController.swift; sourceTree = "<group>"; };
		30B126DB2CDC5D08008961B5 /* Base */ = {isa = PBXFileReference; lastKnownFileType = file.storyboard; name = Base; path = Base.lproj/Main.storyboard; sourceTree = "<group>"; };
		30B126DE2CDC5D08008961B5 /* RetirementPlan.xcdatamodel */ = {isa = PBXFileReference; lastKnownFileType = wrapper.xcdatamodel; path = RetirementPlan.xcdatamodel; sourceTree = "<group>"; };
		30B126E02CDC5D09008961B5 /* Assets.xcassets */ = {isa = PBXFileReference; lastKnownFileType = folder.assetcatalog; path = Assets.xcassets; sourceTree = "<group>"; };
		30B126E32CDC5D09008961B5 /* Base */ = {isa = PBXFileReference; lastKnownFileType = file.storyboard; name = Base; path = Base.lproj/LaunchScreen.storyboard; sourceTree = "<group>"; };
		30B126E52CDC5D09008961B5 /* Info.plist */ = {isa = PBXFileReference; lastKnownFileType = text.plist.xml; path = Info.plist; sourceTree = "<group>"; };
		30B126EA2CDC5D0A008961B5 /* RetirementPlanTests.xctest */ = {isa = PBXFileReference; explicitFileType = wrapper.cfbundle; includeInIndex = 0; path = RetirementPlanTests.xctest; sourceTree = BUILT_PRODUCTS_DIR; };
		30B126EE2CDC5D0A008961B5 /* RetirementPlanTests.swift */ = {isa = PBXFileReference; lastKnownFileType = sourcecode.swift; path = RetirementPlanTests.swift; sourceTree = "<group>"; };
		30B126F42CDC5D0A008961B5 /* RetirementPlanUITests.xctest */ = {isa = PBXFileReference; explicitFileType = wrapper.cfbundle; includeInIndex = 0; path = RetirementPlanUITests.xctest; sourceTree = BUILT_PRODUCTS_DIR; };
		30B126F82CDC5D0A008961B5 /* RetirementPlanUITests.swift */ = {isa = PBXFileReference; lastKnownFileType = sourcecode.swift; path = RetirementPlanUITests.swift; sourceTree = "<group>"; };
		30B126FA2CDC5D0A008961B5 /* RetirementPlanUITestsLaunchTests.swift */ = {isa = PBXFileReference; lastKnownFileType = sourcecode.swift; path = RetirementPlanUITestsLaunchTests.swift; sourceTree = "<group>"; };
		5E148B0E7E38CF3D46A2548F /* Pods-RetirementPlanTests.release.xcconfig */ = {isa = PBXFileReference; includeInIndex = 1; lastKnownFileType = text.xcconfig; name = "Pods-RetirementPlanTests.release.xcconfig"; path = "Target Support Files/Pods-RetirementPlanTests/Pods-RetirementPlanTests.release.xcconfig"; sourceTree = "<group>"; };
		6EE7267E95FFFB60AA45DA9F /* Pods-RetirementPlan-RetirementPlanUITests.release.xcconfig */ = {isa = PBXFileReference; includeInIndex = 1; lastKnownFileType = text.xcconfig; name = "Pods-RetirementPlan-RetirementPlanUITests.release.xcconfig"; path = "Target Support Files/Pods-RetirementPlan-RetirementPlanUITests/Pods-RetirementPlan-RetirementPlanUITests.release.xcconfig"; sourceTree = "<group>"; };
		C687BABC460E650E4395283B /* Pods-RetirementPlan.release.xcconfig */ = {isa = PBXFileReference; includeInIndex = 1; lastKnownFileType = text.xcconfig; name = "Pods-RetirementPlan.release.xcconfig"; path = "Target Support Files/Pods-RetirementPlan/Pods-RetirementPlan.release.xcconfig"; sourceTree = "<group>"; };
		D31FFA128FE7056A120E8DCE /* Pods_RetirementPlan_RetirementPlanUITests.framework */ = {isa = PBXFileReference; explicitFileType = wrapper.framework; includeInIndex = 0; path = Pods_RetirementPlan_RetirementPlanUITests.framework; sourceTree = BUILT_PRODUCTS_DIR; };
		D8DAF4CAA03FC3F742A800B9 /* Pods_RetirementPlan.framework */ = {isa = PBXFileReference; explicitFileType = wrapper.framework; includeInIndex = 0; path = Pods_RetirementPlan.framework; sourceTree = BUILT_PRODUCTS_DIR; };
/* End PBXFileReference section */

/* Begin PBXFrameworksBuildPhase section */
		30B126CE2CDC5D08008961B5 /* Frameworks */ = {
			isa = PBXFrameworksBuildPhase;
			buildActionMask = 2147483647;
			files = (
				C344A3D4463DD46DBA7E556E /* Pods_RetirementPlan.framework in Frameworks */,
			);
			runOnlyForDeploymentPostprocessing = 0;
		};
		30B126E72CDC5D0A008961B5 /* Frameworks */ = {
			isa = PBXFrameworksBuildPhase;
			buildActionMask = 2147483647;
			files = (
				1FAB118ACE857DEA7A3D2B7D /* Pods_RetirementPlanTests.framework in Frameworks */,
			);
			runOnlyForDeploymentPostprocessing = 0;
		};
		30B126F12CDC5D0A008961B5 /* Frameworks */ = {
			isa = PBXFrameworksBuildPhase;
			buildActionMask = 2147483647;
			files = (
				5B860E724A8909A55928EF08 /* Pods_RetirementPlan_RetirementPlanUITests.framework in Frameworks */,
			);
			runOnlyForDeploymentPostprocessing = 0;
		};
/* End PBXFrameworksBuildPhase section */

/* Begin PBXGroup section */
		30B126C82CDC5D08008961B5 = {
			isa = PBXGroup;
			children = (
				30B126D32CDC5D08008961B5 /* RetirementPlan */,
				30B126ED2CDC5D0A008961B5 /* RetirementPlanTests */,
				30B126F72CDC5D0A008961B5 /* RetirementPlanUITests */,
				30B126D22CDC5D08008961B5 /* Products */,
				58776D8601DB77065F0B09B3 /* Pods */,
				683F7E03D59855E18B38D05F /* Frameworks */,
			);
			sourceTree = "<group>";
		};
		30B126D22CDC5D08008961B5 /* Products */ = {
			isa = PBXGroup;
			children = (
				30B126D12CDC5D08008961B5 /* RetirementPlan.app */,
				30B126EA2CDC5D0A008961B5 /* RetirementPlanTests.xctest */,
				30B126F42CDC5D0A008961B5 /* RetirementPlanUITests.xctest */,
			);
			name = Products;
			sourceTree = "<group>";
		};
		30B126D32CDC5D08008961B5 /* RetirementPlan */ = {
			isa = PBXGroup;
			children = (
				30B126D42CDC5D08008961B5 /* AppDelegate.swift */,
				30B126D62CDC5D08008961B5 /* SceneDelegate.swift */,
				30B126D82CDC5D08008961B5 /* ViewController.swift */,
				30B126DA2CDC5D08008961B5 /* Main.storyboard */,
				30B126E02CDC5D09008961B5 /* Assets.xcassets */,
				30B126E22CDC5D09008961B5 /* LaunchScreen.storyboard */,
				30B126E52CDC5D09008961B5 /* Info.plist */,
				30B126DD2CDC5D08008961B5 /* RetirementPlan.xcdatamodeld */,
			);
			path = RetirementPlan;
			sourceTree = "<group>";
		};
		30B126ED2CDC5D0A008961B5 /* RetirementPlanTests */ = {
			isa = PBXGroup;
			children = (
				30B126EE2CDC5D0A008961B5 /* RetirementPlanTests.swift */,
			);
			path = RetirementPlanTests;
			sourceTree = "<group>";
		};
		30B126F72CDC5D0A008961B5 /* RetirementPlanUITests */ = {
			isa = PBXGroup;
			children = (
				30B126F82CDC5D0A008961B5 /* RetirementPlanUITests.swift */,
				30B126FA2CDC5D0A008961B5 /* RetirementPlanUITestsLaunchTests.swift */,
			);
			path = RetirementPlanUITests;
			sourceTree = "<group>";
		};
		58776D8601DB77065F0B09B3 /* Pods */ = {
			isa = PBXGroup;
			children = (
				128F9D6DE1066EB061DD7CA6 /* Pods-RetirementPlan.debug.xcconfig */,
				C687BABC460E650E4395283B /* Pods-RetirementPlan.release.xcconfig */,
				1EA2E428A9E8D6D33F5632E4 /* Pods-RetirementPlan-RetirementPlanUITests.debug.xcconfig */,
				6EE7267E95FFFB60AA45DA9F /* Pods-RetirementPlan-RetirementPlanUITests.release.xcconfig */,
				157B73D71FABA30C4760418E /* Pods-RetirementPlanTests.debug.xcconfig */,
				5E148B0E7E38CF3D46A2548F /* Pods-RetirementPlanTests.release.xcconfig */,
			);
			name = Pods;
			path = Pods;
			sourceTree = "<group>";
		};
		683F7E03D59855E18B38D05F /* Frameworks */ = {
			isa = PBXGroup;
			children = (
				D8DAF4CAA03FC3F742A800B9 /* Pods_RetirementPlan.framework */,
				D31FFA128FE7056A120E8DCE /* Pods_RetirementPlan_RetirementPlanUITests.framework */,
				2E5E0D17E58957F87E937CED /* Pods_RetirementPlanTests.framework */,
			);
			name = Frameworks;
			sourceTree = "<group>";
		};
/* End PBXGroup section */

/* Begin PBXNativeTarget section */
		30B126D02CDC5D08008961B5 /* RetirementPlan */ = {
			isa = PBXNativeTarget;
			buildConfigurationList = 30B126FE2CDC5D0A008961B5 /* Build configuration list for PBXNativeTarget "RetirementPlan" */;
			buildPhases = (
				DFD2A463DCA498DDF36C7357 /* [CP] Check Pods Manifest.lock */,
				30B126CD2CDC5D08008961B5 /* Sources */,
				30B126CE2CDC5D08008961B5 /* Frameworks */,
				30B126CF2CDC5D08008961B5 /* Resources */,
				E82FE1DA0F0304F9409C0C80 /* [CP] Copy Pods Resources */,
			);
			buildRules = (
			);
			dependencies = (
			);
			name = RetirementPlan;
			productName = RetirementPlan;
			productReference = 30B126D12CDC5D08008961B5 /* RetirementPlan.app */;
			productType = "com.apple.product-type.application";
		};
		30B126E92CDC5D0A008961B5 /* RetirementPlanTests */ = {
			isa = PBXNativeTarget;
			buildConfigurationList = 30B127012CDC5D0A008961B5 /* Build configuration list for PBXNativeTarget "RetirementPlanTests" */;
			buildPhases = (
				A27127C6D328D4BAA10A4EDC /* [CP] Check Pods Manifest.lock */,
				30B126E62CDC5D0A008961B5 /* Sources */,
				30B126E72CDC5D0A008961B5 /* Frameworks */,
				30B126E82CDC5D0A008961B5 /* Resources */,
			);
			buildRules = (
			);
			dependencies = (
				30B126EC2CDC5D0A008961B5 /* PBXTargetDependency */,
			);
			name = RetirementPlanTests;
			productName = RetirementPlanTests;
			productReference = 30B126EA2CDC5D0A008961B5 /* RetirementPlanTests.xctest */;
			productType = "com.apple.product-type.bundle.unit-test";
		};
		30B126F32CDC5D0A008961B5 /* RetirementPlanUITests */ = {
			isa = PBXNativeTarget;
			buildConfigurationList = 30B127042CDC5D0A008961B5 /* Build configuration list for PBXNativeTarget "RetirementPlanUITests" */;
			buildPhases = (
				2A0D1C00423D46B25321DC0C /* [CP] Check Pods Manifest.lock */,
				30B126F02CDC5D0A008961B5 /* Sources */,
				30B126F12CDC5D0A008961B5 /* Frameworks */,
				30B126F22CDC5D0A008961B5 /* Resources */,
				FB69CA9C358C51BB9E3CABAB /* [CP] Copy Pods Resources */,
			);
			buildRules = (
			);
			dependencies = (
				30B126F62CDC5D0A008961B5 /* PBXTargetDependency */,
			);
			name = RetirementPlanUITests;
			productName = RetirementPlanUITests;
			productReference = 30B126F42CDC5D0A008961B5 /* RetirementPlanUITests.xctest */;
			productType = "com.apple.product-type.bundle.ui-testing";
		};
/* End PBXNativeTarget section */

/* Begin PBXProject section */
		30B126C92CDC5D08008961B5 /* Project object */ = {
			isa = PBXProject;
			attributes = {
				BuildIndependentTargetsInParallel = 1;
				LastSwiftUpdateCheck = 1500;
				LastUpgradeCheck = 1500;
				TargetAttributes = {
					30B126D02CDC5D08008961B5 = {
						CreatedOnToolsVersion = 15.0.1;
					};
					30B126E92CDC5D0A008961B5 = {
						CreatedOnToolsVersion = 15.0.1;
						TestTargetID = 30B126D02CDC5D08008961B5;
					};
					30B126F32CDC5D0A008961B5 = {
						CreatedOnToolsVersion = 15.0.1;
						TestTargetID = 30B126D02CDC5D08008961B5;
					};
				};
			};
			buildConfigurationList = 30B126CC2CDC5D08008961B5 /* Build configuration list for PBXProject "RetirementPlan" */;
			compatibilityVersion = "Xcode 14.0";
			developmentRegion = en;
			hasScannedForEncodings = 0;
			knownRegions = (
				en,
				Base,
			);
			mainGroup = 30B126C82CDC5D08008961B5;
			productRefGroup = 30B126D22CDC5D08008961B5 /* Products */;
			projectDirPath = "";
			projectRoot = "";
			targets = (
				30B126D02CDC5D08008961B5 /* RetirementPlan */,
				30B126E92CDC5D0A008961B5 /* RetirementPlanTests */,
				30B126F32CDC5D0A008961B5 /* RetirementPlanUITests */,
			);
		};
/* End PBXProject section */

/* Begin PBXResourcesBuildPhase section */
		30B126CF2CDC5D08008961B5 /* Resources */ = {
			isa = PBXResourcesBuildPhase;
			buildActionMask = 2147483647;
			files = (
				30B126E42CDC5D09008961B5 /* LaunchScreen.storyboard in Resources */,
				30B126E12CDC5D09008961B5 /* Assets.xcassets in Resources */,
				30B126DC2CDC5D08008961B5 /* Main.storyboard in Resources */,
			);
			runOnlyForDeploymentPostprocessing = 0;
		};
		30B126E82CDC5D0A008961B5 /* Resources */ = {
			isa = PBXResourcesBuildPhase;
			buildActionMask = 2147483647;
			files = (
			);
			runOnlyForDeploymentPostprocessing = 0;
		};
		30B126F22CDC5D0A008961B5 /* Resources */ = {
			isa = PBXResourcesBuildPhase;
			buildActionMask = 2147483647;
			files = (
			);
			runOnlyForDeploymentPostprocessing = 0;
		};
/* End PBXResourcesBuildPhase section */

/* Begin PBXShellScriptBuildPhase section */
		2A0D1C00423D46B25321DC0C /* [CP] Check Pods Manifest.lock */ = {
			isa = PBXShellScriptBuildPhase;
			buildActionMask = 2147483647;
			files = (
			);
			inputFileListPaths = (
			);
			inputPaths = (
				"${PODS_PODFILE_DIR_PATH}/Podfile.lock",
				"${PODS_ROOT}/Manifest.lock",
			);
			name = "[CP] Check Pods Manifest.lock";
			outputFileListPaths = (
			);
			outputPaths = (
				"$(DERIVED_FILE_DIR)/Pods-RetirementPlan-RetirementPlanUITests-checkManifestLockResult.txt",
			);
			runOnlyForDeploymentPostprocessing = 0;
			shellPath = /bin/sh;
			shellScript = "diff \"${PODS_PODFILE_DIR_PATH}/Podfile.lock\" \"${PODS_ROOT}/Manifest.lock\" > /dev/null\nif [ $? != 0 ] ; then\n    # print error to STDERR\n    echo \"error: The sandbox is not in sync with the Podfile.lock. Run 'pod install' or update your CocoaPods installation.\" >&2\n    exit 1\nfi\n# This output is used by Xcode 'outputs' to avoid re-running this script phase.\necho \"SUCCESS\" > \"${SCRIPT_OUTPUT_FILE_0}\"\n";
			showEnvVarsInLog = 0;
		};
		A27127C6D328D4BAA10A4EDC /* [CP] Check Pods Manifest.lock */ = {
			isa = PBXShellScriptBuildPhase;
			buildActionMask = 2147483647;
			files = (
			);
			inputFileListPaths = (
			);
			inputPaths = (
				"${PODS_PODFILE_DIR_PATH}/Podfile.lock",
				"${PODS_ROOT}/Manifest.lock",
			);
			name = "[CP] Check Pods Manifest.lock";
			outputFileListPaths = (
			);
			outputPaths = (
				"$(DERIVED_FILE_DIR)/Pods-RetirementPlanTests-checkManifestLockResult.txt",
			);
			runOnlyForDeploymentPostprocessing = 0;
			shellPath = /bin/sh;
			shellScript = "diff \"${PODS_PODFILE_DIR_PATH}/Podfile.lock\" \"${PODS_ROOT}/Manifest.lock\" > /dev/null\nif [ $? != 0 ] ; then\n    # print error to STDERR\n    echo \"error: The sandbox is not in sync with the Podfile.lock. Run 'pod install' or update your CocoaPods installation.\" >&2\n    exit 1\nfi\n# This output is used by Xcode 'outputs' to avoid re-running this script phase.\necho \"SUCCESS\" > \"${SCRIPT_OUTPUT_FILE_0}\"\n";
			showEnvVarsInLog = 0;
		};
		DFD2A463DCA498DDF36C7357 /* [CP] Check Pods Manifest.lock */ = {
			isa = PBXShellScriptBuildPhase;
			buildActionMask = 2147483647;
			files = (
			);
			inputFileListPaths = (
			);
			inputPaths = (
				"${PODS_PODFILE_DIR_PATH}/Podfile.lock",
				"${PODS_ROOT}/Manifest.lock",
			);
			name = "[CP] Check Pods Manifest.lock";
			outputFileListPaths = (
			);
			outputPaths = (
				"$(DERIVED_FILE_DIR)/Pods-RetirementPlan-checkManifestLockResult.txt",
			);
			runOnlyForDeploymentPostprocessing = 0;
			shellPath = /bin/sh;
			shellScript = "diff \"${PODS_PODFILE_DIR_PATH}/Podfile.lock\" \"${PODS_ROOT}/Manifest.lock\" > /dev/null\nif [ $? != 0 ] ; then\n    # print error to STDERR\n    echo \"error: The sandbox is not in sync with the Podfile.lock. Run 'pod install' or update your CocoaPods installation.\" >&2\n    exit 1\nfi\n# This output is used by Xcode 'outputs' to avoid re-running this script phase.\necho \"SUCCESS\" > \"${SCRIPT_OUTPUT_FILE_0}\"\n";
			showEnvVarsInLog = 0;
		};
		E82FE1DA0F0304F9409C0C80 /* [CP] Copy Pods Resources */ = {
			isa = PBXShellScriptBuildPhase;
			buildActionMask = 2147483647;
			files = (
			);
			inputFileListPaths = (
				"${PODS_ROOT}/Target Support Files/Pods-RetirementPlan/Pods-RetirementPlan-resources-${CONFIGURATION}-input-files.xcfilelist",
			);
			name = "[CP] Copy Pods Resources";
			outputFileListPaths = (
				"${PODS_ROOT}/Target Support Files/Pods-RetirementPlan/Pods-RetirementPlan-resources-${CONFIGURATION}-output-files.xcfilelist",
			);
			runOnlyForDeploymentPostprocessing = 0;
			shellPath = /bin/sh;
			shellScript = "\"${PODS_ROOT}/Target Support Files/Pods-RetirementPlan/Pods-RetirementPlan-resources.sh\"\n";
			showEnvVarsInLog = 0;
		};
		FB69CA9C358C51BB9E3CABAB /* [CP] Copy Pods Resources */ = {
			isa = PBXShellScriptBuildPhase;
			buildActionMask = 2147483647;
			files = (
			);
			inputFileListPaths = (
				"${PODS_ROOT}/Target Support Files/Pods-RetirementPlan-RetirementPlanUITests/Pods-RetirementPlan-RetirementPlanUITests-resources-${CONFIGURATION}-input-files.xcfilelist",
			);
			name = "[CP] Copy Pods Resources";
			outputFileListPaths = (
				"${PODS_ROOT}/Target Support Files/Pods-RetirementPlan-RetirementPlanUITests/Pods-RetirementPlan-RetirementPlanUITests-resources-${CONFIGURATION}-output-files.xcfilelist",
			);
			runOnlyForDeploymentPostprocessing = 0;
			shellPath = /bin/sh;
			shellScript = "\"${PODS_ROOT}/Target Support Files/Pods-RetirementPlan-RetirementPlanUITests/Pods-RetirementPlan-RetirementPlanUITests-resources.sh\"\n";
			showEnvVarsInLog = 0;
		};
/* End PBXShellScriptBuildPhase section */

/* Begin PBXSourcesBuildPhase section */
		30B126CD2CDC5D08008961B5 /* Sources */ = {
			isa = PBXSourcesBuildPhase;
			buildActionMask = 2147483647;
			files = (
				30B126D92CDC5D08008961B5 /* ViewController.swift in Sources */,
				30B126DF2CDC5D08008961B5 /* RetirementPlan.xcdatamodeld in Sources */,
				30B126D52CDC5D08008961B5 /* AppDelegate.swift in Sources */,
				30B126D72CDC5D08008961B5 /* SceneDelegate.swift in Sources */,
			);
			runOnlyForDeploymentPostprocessing = 0;
		};
		30B126E62CDC5D0A008961B5 /* Sources */ = {
			isa = PBXSourcesBuildPhase;
			buildActionMask = 2147483647;
			files = (
				30B126EF2CDC5D0A008961B5 /* RetirementPlanTests.swift in Sources */,
			);
			runOnlyForDeploymentPostprocessing = 0;
		};
		30B126F02CDC5D0A008961B5 /* Sources */ = {
			isa = PBXSourcesBuildPhase;
			buildActionMask = 2147483647;
			files = (
				30B126FB2CDC5D0A008961B5 /* RetirementPlanUITestsLaunchTests.swift in Sources */,
				30B126F92CDC5D0A008961B5 /* RetirementPlanUITests.swift in Sources */,
			);
			runOnlyForDeploymentPostprocessing = 0;
		};
/* End PBXSourcesBuildPhase section */

/* Begin PBXTargetDependency section */
		30B126EC2CDC5D0A008961B5 /* PBXTargetDependency */ = {
			isa = PBXTargetDependency;
			target = 30B126D02CDC5D08008961B5 /* RetirementPlan */;
			targetProxy = 30B126EB2CDC5D0A008961B5 /* PBXContainerItemProxy */;
		};
		30B126F62CDC5D0A008961B5 /* PBXTargetDependency */ = {
			isa = PBXTargetDependency;
			target = 30B126D02CDC5D08008961B5 /* RetirementPlan */;
			targetProxy = 30B126F52CDC5D0A008961B5 /* PBXContainerItemProxy */;
		};
/* End PBXTargetDependency section */

/* Begin PBXVariantGroup section */
		30B126DA2CDC5D08008961B5 /* Main.storyboard */ = {
			isa = PBXVariantGroup;
			children = (
				30B126DB2CDC5D08008961B5 /* Base */,
			);
			name = Main.storyboard;
			sourceTree = "<group>";
		};
		30B126E22CDC5D09008961B5 /* LaunchScreen.storyboard */ = {
			isa = PBXVariantGroup;
			children = (
				30B126E32CDC5D09008961B5 /* Base */,
			);
			name = LaunchScreen.storyboard;
			sourceTree = "<group>";
		};
/* End PBXVariantGroup section */

/* Begin XCBuildConfiguration section */
		30B126FC2CDC5D0A008961B5 /* Debug */ = {
			isa = XCBuildConfiguration;
			buildSettings = {
				ALWAYS_SEARCH_USER_PATHS = NO;
				ASSETCATALOG_COMPILER_GENERATE_SWIFT_ASSET_SYMBOL_EXTENSIONS = YES;
				CLANG_ANALYZER_NONNULL = YES;
				CLANG_ANALYZER_NUMBER_OBJECT_CONVERSION = YES_AGGRESSIVE;
				CLANG_CXX_LANGUAGE_STANDARD = "gnu++20";
				CLANG_ENABLE_MODULES = YES;
				CLANG_ENABLE_OBJC_ARC = YES;
				CLANG_ENABLE_OBJC_WEAK = YES;
				CLANG_WARN_BLOCK_CAPTURE_AUTORELEASING = YES;
				CLANG_WARN_BOOL_CONVERSION = YES;
				CLANG_WARN_COMMA = YES;
				CLANG_WARN_CONSTANT_CONVERSION = YES;
				CLANG_WARN_DEPRECATED_OBJC_IMPLEMENTATIONS = YES;
				CLANG_WARN_DIRECT_OBJC_ISA_USAGE = YES_ERROR;
				CLANG_WARN_DOCUMENTATION_COMMENTS = YES;
				CLANG_WARN_EMPTY_BODY = YES;
				CLANG_WARN_ENUM_CONVERSION = YES;
				CLANG_WARN_INFINITE_RECURSION = YES;
				CLANG_WARN_INT_CONVERSION = YES;
				CLANG_WARN_NON_LITERAL_NULL_CONVERSION = YES;
				CLANG_WARN_OBJC_IMPLICIT_RETAIN_SELF = YES;
				CLANG_WARN_OBJC_LITERAL_CONVERSION = YES;
				CLANG_WARN_OBJC_ROOT_CLASS = YES_ERROR;
				CLANG_WARN_QUOTED_INCLUDE_IN_FRAMEWORK_HEADER = YES;
				CLANG_WARN_RANGE_LOOP_ANALYSIS = YES;
				CLANG_WARN_STRICT_PROTOTYPES = YES;
				CLANG_WARN_SUSPICIOUS_MOVE = YES;
				CLANG_WARN_UNGUARDED_AVAILABILITY = YES_AGGRESSIVE;
				CLANG_WARN_UNREACHABLE_CODE = YES;
				CLANG_WARN__DUPLICATE_METHOD_MATCH = YES;
				COPY_PHASE_STRIP = NO;
				DEBUG_INFORMATION_FORMAT = dwarf;
				ENABLE_STRICT_OBJC_MSGSEND = YES;
				ENABLE_TESTABILITY = YES;
				ENABLE_USER_SCRIPT_SANDBOXING = YES;
				GCC_C_LANGUAGE_STANDARD = gnu17;
				GCC_DYNAMIC_NO_PIC = NO;
				GCC_NO_COMMON_BLOCKS = YES;
				GCC_OPTIMIZATION_LEVEL = 0;
				GCC_PREPROCESSOR_DEFINITIONS = (
					"DEBUG=1",
					"$(inherited)",
				);
				GCC_WARN_64_TO_32_BIT_CONVERSION = YES;
				GCC_WARN_ABOUT_RETURN_TYPE = YES_ERROR;
				GCC_WARN_UNDECLARED_SELECTOR = YES;
				GCC_WARN_UNINITIALIZED_AUTOS = YES_AGGRESSIVE;
				GCC_WARN_UNUSED_FUNCTION = YES;
				GCC_WARN_UNUSED_VARIABLE = YES;
				IPHONEOS_DEPLOYMENT_TARGET = 17.0;
				LOCALIZATION_PREFERS_STRING_CATALOGS = YES;
				MTL_ENABLE_DEBUG_INFO = INCLUDE_SOURCE;
				MTL_FAST_MATH = YES;
				ONLY_ACTIVE_ARCH = YES;
				SDKROOT = iphoneos;
				SWIFT_ACTIVE_COMPILATION_CONDITIONS = "DEBUG $(inherited)";
				SWIFT_OPTIMIZATION_LEVEL = "-Onone";
			};
			name = Debug;
		};
		30B126FD2CDC5D0A008961B5 /* Release */ = {
			isa = XCBuildConfiguration;
			buildSettings = {
				ALWAYS_SEARCH_USER_PATHS = NO;
				ASSETCATALOG_COMPILER_GENERATE_SWIFT_ASSET_SYMBOL_EXTENSIONS = YES;
				CLANG_ANALYZER_NONNULL = YES;
				CLANG_ANALYZER_NUMBER_OBJECT_CONVERSION = YES_AGGRESSIVE;
				CLANG_CXX_LANGUAGE_STANDARD = "gnu++20";
				CLANG_ENABLE_MODULES = YES;
				CLANG_ENABLE_OBJC_ARC = YES;
				CLANG_ENABLE_OBJC_WEAK = YES;
				CLANG_WARN_BLOCK_CAPTURE_AUTORELEASING = YES;
				CLANG_WARN_BOOL_CONVERSION = YES;
				CLANG_WARN_COMMA = YES;
				CLANG_WARN_CONSTANT_CONVERSION = YES;
				CLANG_WARN_DEPRECATED_OBJC_IMPLEMENTATIONS = YES;
				CLANG_WARN_DIRECT_OBJC_ISA_USAGE = YES_ERROR;
				CLANG_WARN_DOCUMENTATION_COMMENTS = YES;
				CLANG_WARN_EMPTY_BODY = YES;
				CLANG_WARN_ENUM_CONVERSION = YES;
				CLANG_WARN_INFINITE_RECURSION = YES;
				CLANG_WARN_INT_CONVERSION = YES;
				CLANG_WARN_NON_LITERAL_NULL_CONVERSION = YES;
				CLANG_WARN_OBJC_IMPLICIT_RETAIN_SELF = YES;
				CLANG_WARN_OBJC_LITERAL_CONVERSION = YES;
				CLANG_WARN_OBJC_ROOT_CLASS = YES_ERROR;
				CLANG_WARN_QUOTED_INCLUDE_IN_FRAMEWORK_HEADER = YES;
				CLANG_WARN_RANGE_LOOP_ANALYSIS = YES;
				CLANG_WARN_STRICT_PROTOTYPES = YES;
				CLANG_WARN_SUSPICIOUS_MOVE = YES;
				CLANG_WARN_UNGUARDED_AVAILABILITY = YES_AGGRESSIVE;
				CLANG_WARN_UNREACHABLE_CODE = YES;
				CLANG_WARN__DUPLICATE_METHOD_MATCH = YES;
				COPY_PHASE_STRIP = NO;
				DEBUG_INFORMATION_FORMAT = "dwarf-with-dsym";
				ENABLE_NS_ASSERTIONS = NO;
				ENABLE_STRICT_OBJC_MSGSEND = YES;
				ENABLE_USER_SCRIPT_SANDBOXING = YES;
				GCC_C_LANGUAGE_STANDARD = gnu17;
				GCC_NO_COMMON_BLOCKS = YES;
				GCC_WARN_64_TO_32_BIT_CONVERSION = YES;
				GCC_WARN_ABOUT_RETURN_TYPE = YES_ERROR;
				GCC_WARN_UNDECLARED_SELECTOR = YES;
				GCC_WARN_UNINITIALIZED_AUTOS = YES_AGGRESSIVE;
				GCC_WARN_UNUSED_FUNCTION = YES;
				GCC_WARN_UNUSED_VARIABLE = YES;
				IPHONEOS_DEPLOYMENT_TARGET = 17.0;
				LOCALIZATION_PREFERS_STRING_CATALOGS = YES;
				MTL_ENABLE_DEBUG_INFO = NO;
				MTL_FAST_MATH = YES;
				SDKROOT = iphoneos;
				SWIFT_COMPILATION_MODE = wholemodule;
				VALIDATE_PRODUCT = YES;
			};
			name = Release;
		};
		30B126FF2CDC5D0A008961B5 /* Debug */ = {
			isa = XCBuildConfiguration;
			baseConfigurationReference = 128F9D6DE1066EB061DD7CA6 /* Pods-RetirementPlan.debug.xcconfig */;
			buildSettings = {
				ASSETCATALOG_COMPILER_APPICON_NAME = AppIcon;
				ASSETCATALOG_COMPILER_GLOBAL_ACCENT_COLOR_NAME = AccentColor;
				CODE_SIGN_STYLE = Automatic;
				CURRENT_PROJECT_VERSION = 1;
				DEVELOPMENT_TEAM = W26B32ZRQ7;
				GENERATE_INFOPLIST_FILE = YES;
				INFOPLIST_FILE = RetirementPlan/Info.plist;
				INFOPLIST_KEY_UIApplicationSupportsIndirectInputEvents = YES;
				INFOPLIST_KEY_UILaunchStoryboardName = LaunchScreen;
				INFOPLIST_KEY_UIMainStoryboardFile = Main;
				INFOPLIST_KEY_UISupportedInterfaceOrientations_iPad = "UIInterfaceOrientationPortrait UIInterfaceOrientationPortraitUpsideDown UIInterfaceOrientationLandscapeLeft UIInterfaceOrientationLandscapeRight";
				INFOPLIST_KEY_UISupportedInterfaceOrientations_iPhone = "UIInterfaceOrientationPortrait UIInterfaceOrientationLandscapeLeft UIInterfaceOrientationLandscapeRight";
				LD_RUNPATH_SEARCH_PATHS = (
					"$(inherited)",
					"@executable_path/Frameworks",
				);
				MARKETING_VERSION = 1.0;
				PRODUCT_BUNDLE_IDENTIFIER = com.Erikneon.RetirementPlan;
				PRODUCT_NAME = "$(TARGET_NAME)";
				SWIFT_EMIT_LOC_STRINGS = YES;
				SWIFT_VERSION = 5.0;
				TARGETED_DEVICE_FAMILY = "1,2";
			};
			name = Debug;
		};
		30B127002CDC5D0A008961B5 /* Release */ = {
			isa = XCBuildConfiguration;
			baseConfigurationReference = C687BABC460E650E4395283B /* Pods-RetirementPlan.release.xcconfig */;
			buildSettings = {
				ASSETCATALOG_COMPILER_APPICON_NAME = AppIcon;
				ASSETCATALOG_COMPILER_GLOBAL_ACCENT_COLOR_NAME = AccentColor;
				CODE_SIGN_STYLE = Automatic;
				CURRENT_PROJECT_VERSION = 1;
				DEVELOPMENT_TEAM = W26B32ZRQ7;
				GENERATE_INFOPLIST_FILE = YES;
				INFOPLIST_FILE = RetirementPlan/Info.plist;
				INFOPLIST_KEY_UIApplicationSupportsIndirectInputEvents = YES;
				INFOPLIST_KEY_UILaunchStoryboardName = LaunchScreen;
				INFOPLIST_KEY_UIMainStoryboardFile = Main;
				INFOPLIST_KEY_UISupportedInterfaceOrientations_iPad = "UIInterfaceOrientationPortrait UIInterfaceOrientationPortraitUpsideDown UIInterfaceOrientationLandscapeLeft UIInterfaceOrientationLandscapeRight";
				INFOPLIST_KEY_UISupportedInterfaceOrientations_iPhone = "UIInterfaceOrientationPortrait UIInterfaceOrientationLandscapeLeft UIInterfaceOrientationLandscapeRight";
				LD_RUNPATH_SEARCH_PATHS = (
					"$(inherited)",
					"@executable_path/Frameworks",
				);
				MARKETING_VERSION = 1.0;
				PRODUCT_BUNDLE_IDENTIFIER = com.Erikneon.RetirementPlan;
				PRODUCT_NAME = "$(TARGET_NAME)";
				SWIFT_EMIT_LOC_STRINGS = YES;
				SWIFT_VERSION = 5.0;
				TARGETED_DEVICE_FAMILY = "1,2";
			};
			name = Release;
		};
		30B127022CDC5D0A008961B5 /* Debug */ = {
			isa = XCBuildConfiguration;
			baseConfigurationReference = 157B73D71FABA30C4760418E /* Pods-RetirementPlanTests.debug.xcconfig */;
			buildSettings = {
				ALWAYS_EMBED_SWIFT_STANDARD_LIBRARIES = YES;
				BUNDLE_LOADER = "$(TEST_HOST)";
				CODE_SIGN_STYLE = Automatic;
				CURRENT_PROJECT_VERSION = 1;
				DEVELOPMENT_TEAM = W26B32ZRQ7;
				GENERATE_INFOPLIST_FILE = YES;
				IPHONEOS_DEPLOYMENT_TARGET = 17.0;
				MARKETING_VERSION = 1.0;
				PRODUCT_BUNDLE_IDENTIFIER = com.Erikneon.RetirementPlanTests;
				PRODUCT_NAME = "$(TARGET_NAME)";
				SWIFT_EMIT_LOC_STRINGS = NO;
				SWIFT_VERSION = 5.0;
				TARGETED_DEVICE_FAMILY = "1,2";
				TEST_HOST = "$(BUILT_PRODUCTS_DIR)/RetirementPlan.app/$(BUNDLE_EXECUTABLE_FOLDER_PATH)/RetirementPlan";
			};
			name = Debug;
		};
		30B127032CDC5D0A008961B5 /* Release */ = {
			isa = XCBuildConfiguration;
			baseConfigurationReference = 5E148B0E7E38CF3D46A2548F /* Pods-RetirementPlanTests.release.xcconfig */;
			buildSettings = {
				ALWAYS_EMBED_SWIFT_STANDARD_LIBRARIES = YES;
				BUNDLE_LOADER = "$(TEST_HOST)";
				CODE_SIGN_STYLE = Automatic;
				CURRENT_PROJECT_VERSION = 1;
				DEVELOPMENT_TEAM = W26B32ZRQ7;
				GENERATE_INFOPLIST_FILE = YES;
				IPHONEOS_DEPLOYMENT_TARGET = 17.0;
				MARKETING_VERSION = 1.0;
				PRODUCT_BUNDLE_IDENTIFIER = com.Erikneon.RetirementPlanTests;
				PRODUCT_NAME = "$(TARGET_NAME)";
				SWIFT_EMIT_LOC_STRINGS = NO;
				SWIFT_VERSION = 5.0;
				TARGETED_DEVICE_FAMILY = "1,2";
				TEST_HOST = "$(BUILT_PRODUCTS_DIR)/RetirementPlan.app/$(BUNDLE_EXECUTABLE_FOLDER_PATH)/RetirementPlan";
			};
			name = Release;
		};
		30B127052CDC5D0A008961B5 /* Debug */ = {
			isa = XCBuildConfiguration;
			baseConfigurationReference = 1EA2E428A9E8D6D33F5632E4 /* Pods-RetirementPlan-RetirementPlanUITests.debug.xcconfig */;
			buildSettings = {
				ALWAYS_EMBED_SWIFT_STANDARD_LIBRARIES = YES;
				CODE_SIGN_STYLE = Automatic;
				CURRENT_PROJECT_VERSION = 1;
				DEVELOPMENT_TEAM = W26B32ZRQ7;
				GENERATE_INFOPLIST_FILE = YES;
				MARKETING_VERSION = 1.0;
				PRODUCT_BUNDLE_IDENTIFIER = com.Erikneon.RetirementPlanUITests;
				PRODUCT_NAME = "$(TARGET_NAME)";
				SWIFT_EMIT_LOC_STRINGS = NO;
				SWIFT_VERSION = 5.0;
				TARGETED_DEVICE_FAMILY = "1,2";
				TEST_TARGET_NAME = RetirementPlan;
			};
			name = Debug;
		};
		30B127062CDC5D0A008961B5 /* Release */ = {
			isa = XCBuildConfiguration;
			baseConfigurationReference = 6EE7267E95FFFB60AA45DA9F /* Pods-RetirementPlan-RetirementPlanUITests.release.xcconfig */;
			buildSettings = {
				ALWAYS_EMBED_SWIFT_STANDARD_LIBRARIES = YES;
				CODE_SIGN_STYLE = Automatic;
				CURRENT_PROJECT_VERSION = 1;
				DEVELOPMENT_TEAM = W26B32ZRQ7;
				GENERATE_INFOPLIST_FILE = YES;
				MARKETING_VERSION = 1.0;
				PRODUCT_BUNDLE_IDENTIFIER = com.Erikneon.RetirementPlanUITests;
				PRODUCT_NAME = "$(TARGET_NAME)";
				SWIFT_EMIT_LOC_STRINGS = NO;
				SWIFT_VERSION = 5.0;
				TARGETED_DEVICE_FAMILY = "1,2";
				TEST_TARGET_NAME = RetirementPlan;
			};
			name = Release;
		};
/* End XCBuildConfiguration section */

/* Begin XCConfigurationList section */
		30B126CC2CDC5D08008961B5 /* Build configuration list for PBXProject "RetirementPlan" */ = {
			isa = XCConfigurationList;
			buildConfigurations = (
				30B126FC2CDC5D0A008961B5 /* Debug */,
				30B126FD2CDC5D0A008961B5 /* Release */,
			);
			defaultConfigurationIsVisible = 0;
			defaultConfigurationName = Release;
		};
		30B126FE2CDC5D0A008961B5 /* Build configuration list for PBXNativeTarget "RetirementPlan" */ = {
			isa = XCConfigurationList;
			buildConfigurations = (
				30B126FF2CDC5D0A008961B5 /* Debug */,
				30B127002CDC5D0A008961B5 /* Release */,
			);
			defaultConfigurationIsVisible = 0;
			defaultConfigurationName = Release;
		};
		30B127012CDC5D0A008961B5 /* Build configuration list for PBXNativeTarget "RetirementPlanTests" */ = {
			isa = XCConfigurationList;
			buildConfigurations = (
				30B127022CDC5D0A008961B5 /* Debug */,
				30B127032CDC5D0A008961B5 /* Release */,
			);
			defaultConfigurationIsVisible = 0;
			defaultConfigurationName = Release;
		};
		30B127042CDC5D0A008961B5 /* Build configuration list for PBXNativeTarget "RetirementPlanUITests" */ = {
			isa = XCConfigurationList;
			buildConfigurations = (
				30B127052CDC5D0A008961B5 /* Debug */,
				30B127062CDC5D0A008961B5 /* Release */,
			);
			defaultConfigurationIsVisible = 0;
			defaultConfigurationName = Release;
		};
/* End XCConfigurationList section */

/* Begin XCVersionGroup section */
		30B126DD2CDC5D08008961B5 /* RetirementPlan.xcdatamodeld */ = {
			isa = XCVersionGroup;
			children = (
				30B126DE2CDC5D08008961B5 /* RetirementPlan.xcdatamodel */,
			);
			currentVersion = 30B126DE2CDC5D08008961B5 /* RetirementPlan.xcdatamodel */;
			path = RetirementPlan.xcdatamodeld;
			sourceTree = "<group>";
			versionGroupType = wrapper.xcdatamodel;
		};
/* End XCVersionGroup section */
	};
	rootObject = 30B126C92CDC5D08008961B5 /* Project object */;
}
